
Microsoft Visual Studio Solution File, Format Version 12.00
# Visual Studio Version 16
VisualStudioVersion = 16.0.31112.23
MinimumVisualStudioVersion = 10.0.40219.1
Project("{FAE04EC0-301F-11D3-BF4B-00C04F79EFBC}") = "FormulaAkkermana", "FormulaAkkermana\FormulaAkkermana.csproj", "{2F7A39FE-1BF1-446B-B229-EA4D4422CFEE}"
EndProject
Global
	GlobalSection(SolutionConfigurationPlatforms) = preSolution
		Debug|Any CPU = Debug|Any CPU
		Release|Any CPU = Release|Any CPU
	EndGlobalSection
	GlobalSection(ProjectConfigurationPlatforms) = postSolution
		{2F7A39FE-1BF1-446B-B229-EA4D4422CFEE}.Debug|Any CPU.ActiveCfg = Debug|Any CPU
		{2F7A39FE-1BF1-446B-B229-EA4D4422CFEE}.Debug|Any CPU.Build.0 = Debug|Any CPU
		{2F7A39FE-1BF1-446B-B229-EA4D4422CFEE}.Release|Any CPU.ActiveCfg = Release|Any CPU
		{2F7A39FE-1BF1-446B-B229-EA4D4422CFEE}.Release|Any CPU.Build.0 = Release|Any CPU
	EndGlobalSection
	GlobalSection(SolutionProperties) = preSolution
		HideSolutionNode = FALSE
	EndGlobalSection
	GlobalSection(ExtensibilityGlobals) = postSolution
		SolutionGuid = {77FA7D57-A1D5-4533-BC83-28AAB28473DA}
	EndGlobalSection
EndGlobal
